PODS:
  - DACircularProgress (2.3.1)
  - MBProgressHUD (1.2.0)
  - MWPhotoBrowser (2.1.2):
    - DACircularProgress (~> 2.3)
    - MBProgressHUD (~> 1.2.0)
    - SDWebImage (~> 5.21.0)
    - YJMacro (~> 1.0.2)
  - SDWebImage (5.21.0):
    - SDWebImage/Core (= 5.21.0)
  - SDWebImage/Core (5.21.0)
  - YJMacro (1.0.3)

DEPENDENCIES:
  - MWPhotoBrowser (from `../`)

SPEC REPOS:
  https://github.com/CocoaPods/Specs.git:
    - DACircularProgress
    - MBProgressHUD
    - SDWebImage
    - YJMacro

EXTERNAL SOURCES:
  MWPhotoBrowser:
    :path: "../"

SPEC CHECKSUMS:
  DACircularProgress: 4dd437c0fc3da5161cb289e07ac449493d41db71
  MBProgressHUD: 3ee5efcc380f6a79a7cc9b363dd669c5e1ae7406
  MWPhotoBrowser: afd130d89a6e7a0adfd735ece8330404186d493c
  SDWebImage: f84b0feeb08d2d11e6a9b843cb06d75ebf5b8868
  YJMacro: e10525cc110cb40192256d348148a46f6b407289

PODFILE CHECKSUM: 29081d33349dddfca9bedac61311ffb9b698a24d

COCOAPODS: 1.16.2
